
Microsoft Visual Studio Solution File, Format Version 12.00
# Visual Studio Version 16
VisualStudioVersion = 16.0.30907.101
MinimumVisualStudioVersion = 10.0.40219.1
Project("{FAE04EC0-301F-11D3-BF4B-00C04F79EFBC}") = "Part3_Mod34", "Part3_Mod34\Part3_Mod34.csproj", "{7C1783B7-54EE-4DD3-BD78-4949CBF45DF8}"
EndProject
Project("{FAE04EC0-301F-11D3-BF4B-00C04F79EFBC}") = "Contracts", "Contracts\Contracts.csproj", "{B9899CDD-54B6-46E4-BE4D-8219F912A5FE}"
EndProject
Global
	GlobalSection(SolutionConfigurationPlatforms) = preSolution
		Debug|Any CPU = Debug|Any CPU
		Release|Any CPU = Release|Any CPU
	EndGlobalSection
	GlobalSection(ProjectConfigurationPlatforms) = postSolution
		{7C1783B7-54EE-4DD3-BD78-4949CBF45DF8}.Debug|Any CPU.ActiveCfg = Debug|Any CPU
		{7C1783B7-54EE-4DD3-BD78-4949CBF45DF8}.Debug|Any CPU.Build.0 = Debug|Any CPU
		{7C1783B7-54EE-4DD3-BD78-4949CBF45DF8}.Release|Any CPU.ActiveCfg = Release|Any CPU
		{7C1783B7-54EE-4DD3-BD78-4949CBF45DF8}.Release|Any CPU.Build.0 = Release|Any CPU
		{B9899CDD-54B6-46E4-BE4D-8219F912A5FE}.Debug|Any CPU.ActiveCfg = Debug|Any CPU
		{B9899CDD-54B6-46E4-BE4D-8219F912A5FE}.Debug|Any CPU.Build.0 = Debug|Any CPU
		{B9899CDD-54B6-46E4-BE4D-8219F912A5FE}.Release|Any CPU.ActiveCfg = Release|Any CPU
		{B9899CDD-54B6-46E4-BE4D-8219F912A5FE}.Release|Any CPU.Build.0 = Release|Any CPU
	EndGlobalSection
	GlobalSection(SolutionProperties) = preSolution
		HideSolutionNode = FALSE
	EndGlobalSection
	GlobalSection(ExtensibilityGlobals) = postSolution
		SolutionGuid = {F3771A7F-5434-466E-AC6F-FA2D6F435129}
	EndGlobalSection
EndGlobal
